// !$*UTF8*$!
{
	archiveVersion = 1;
	classes = {
	};
	objectVersion = 54;
	objects = {

/* Begin PBXBuildFile section */
		00E356F31AD99517003FC87E /* NdauWalletTests.m in Sources */ = {isa = PBXBuildFile; fileRef = 00E356F21AD99517003FC87E /* NdauWalletTests.m */; };
		01BABFFBAA6B4EC788B84678 /* TitilliumWeb-LightItalic.ttf in Resources */ = {isa = PBXBuildFile; fileRef = 1BAA25DD7EEA4D7F9A5366EE /* TitilliumWeb-LightItalic.ttf */; };
		0C80B921A6F3F58F76C31292 /* libPods-NdauWallet.a in Frameworks */ = {isa = PBXBuildFile; fileRef = 5DCACB8F33CDC322A6C60F78 /* libPods-NdauWallet.a */; };
		0D2F719E393240F98DECD8E1 /* TitilliumWeb-Italic.ttf in Resources */ = {isa = PBXBuildFile; fileRef = 8795ED317635451AB11CEE88 /* TitilliumWeb-Italic.ttf */; };
		0DF3843A5F91471DBE02A287 /* ClashDisplay-Regular.otf in Resources */ = {isa = PBXBuildFile; fileRef = C37E1E91DACC4977B3FC2961 /* ClashDisplay-Regular.otf */; };
		13B07FBC1A68108700A75B9A /* AppDelegate.mm in Sources */ = {isa = PBXBuildFile; fileRef = 13B07FB01A68108700A75B9A /* AppDelegate.mm */; };
		13B07FBF1A68108700A75B9A /* Images.xcassets in Resources */ = {isa = PBXBuildFile; fileRef = 13B07FB51A68108700A75B9A /* Images.xcassets */; };
		13B07FC11A68108700A75B9A /* main.m in Sources */ = {isa = PBXBuildFile; fileRef = 13B07FB71A68108700A75B9A /* main.m */; };
		157B71BC18294B6B89348BBD /* ClashDisplay-Light.ttf in Resources */ = {isa = PBXBuildFile; fileRef = 07F30B25976949CFACABE3AF /* ClashDisplay-Light.ttf */; };
		1760D8D960FF450AAEEA57B8 /* ClashDisplay-Light.otf in Resources */ = {isa = PBXBuildFile; fileRef = 9C9BE134F9664D94AB08AC06 /* ClashDisplay-Light.otf */; };
		18DB22D869E243C5B7BD9B9F /* TitilliumWeb-Regular.ttf in Resources */ = {isa = PBXBuildFile; fileRef = EA07D1C7E110472585008A2C /* TitilliumWeb-Regular.ttf */; };
		35C41846E8824AAD9AA09434 /* TitilliumWeb-SemiBold.ttf in Resources */ = {isa = PBXBuildFile; fileRef = D86C679FA8D24E919EB871EE /* TitilliumWeb-SemiBold.ttf */; };
		4E5FA1EAC06B43EF9297B454 /* TitilliumWeb-Light.ttf in Resources */ = {isa = PBXBuildFile; fileRef = 38C6F876B9AE4F38B2BD826B /* TitilliumWeb-Light.ttf */; };
		5003647FED734B11A285ED52 /* TitilliumWeb-Bold.ttf in Resources */ = {isa = PBXBuildFile; fileRef = 8BF121AA576E441BB3B0347C /* TitilliumWeb-Bold.ttf */; };
		5656ABB979164295B27940F4 /* ClashDisplay-Semibold.ttf in Resources */ = {isa = PBXBuildFile; fileRef = B59BBC429D5E4ABDAC38FB2F /* ClashDisplay-Semibold.ttf */; };
		57CB9FECE02244249E28A850 /* ClashDisplay-Medium.otf in Resources */ = {isa = PBXBuildFile; fileRef = 4F1656018FEE43EBA6807756 /* ClashDisplay-Medium.otf */; };
		5D9D1551034346E6B7A3C3B1 /* ClashDisplay-Bold.otf in Resources */ = {isa = PBXBuildFile; fileRef = AF4048EE1C4C472194BCC6C9 /* ClashDisplay-Bold.otf */; };
		75554FD6EC344D6B98345126 /* TitilliumWeb-SemiBoldItalic.ttf in Resources */ = {isa = PBXBuildFile; fileRef = 891F0C57440D4A8BA0B08B69 /* TitilliumWeb-SemiBoldItalic.ttf */; };
		7699B88040F8A987B510C191 /* libPods-NdauWallet-NdauWalletTests.a in Frameworks */ = {isa = PBXBuildFile; fileRef = 19F6CBCC0A4E27FBF8BF4A61 /* libPods-NdauWallet-NdauWalletTests.a */; };
		7A429B183FD94D46809BFBCF /* TitilliumWeb-Black.ttf in Resources */ = {isa = PBXBuildFile; fileRef = 734E9DBD58AD4994AA832F3B /* TitilliumWeb-Black.ttf */; };
		81AB9BB82411601600AC10FF /* LaunchScreen.storyboard in Resources */ = {isa = PBXBuildFile; fileRef = 81AB9BB72411601600AC10FF /* LaunchScreen.storyboard */; };
		8216B409FA584BA3B72A1173 /* TitilliumWeb-ExtraLightItalic.ttf in Resources */ = {isa = PBXBuildFile; fileRef = 3B771139B7004A63A7D37DBA /* TitilliumWeb-ExtraLightItalic.ttf */; };
		8596293AF89B4315A6D44E68 /* ClashDisplay-Regular.ttf in Resources */ = {isa = PBXBuildFile; fileRef = 6FB34F3CFFCD400999EFC75D /* ClashDisplay-Regular.ttf */; };
		9D081B7863634A908B298A27 /* TitilliumWeb-BoldItalic.ttf in Resources */ = {isa = PBXBuildFile; fileRef = 4EA3FDE105F249CE857782F2 /* TitilliumWeb-BoldItalic.ttf */; };
		AC9CFF6F8A3E4AD9A0475DA1 /* ClashDisplay-Variable.ttf in Resources */ = {isa = PBXBuildFile; fileRef = 61EACE4A6803408CBA23CD8D /* ClashDisplay-Variable.ttf */; };
		AE126ADCCE714266A27D28BC /* TitilliumWeb-ExtraLight.ttf in Resources */ = {isa = PBXBuildFile; fileRef = 521A878DE6BB400B973C068D /* TitilliumWeb-ExtraLight.ttf */; };
		D9241EC28F32413E8C503200 /* ClashDisplay-Bold.ttf in Resources */ = {isa = PBXBuildFile; fileRef = 1154B0FF20FE41F595A29909 /* ClashDisplay-Bold.ttf */; };
		E77634A522C644FF9E35AD7C /* ClashDisplay-Semibold.otf in Resources */ = {isa = PBXBuildFile; fileRef = BAFAA29F55C040549E1635E6 /* ClashDisplay-Semibold.otf */; };
		EF7693BECBE84DBEAD4E3586 /* ClashDisplay-Medium.ttf in Resources */ = {isa = PBXBuildFile; fileRef = 7F84080B73C74AD39950EAB3 /* ClashDisplay-Medium.ttf */; };
		F16FC4082AD82E2800318637 /* Keyaddr.framework in Frameworks */ = {isa = PBXBuildFile; fileRef = F16FC4052AD82E2800318637 /* Keyaddr.framework */; };
		F16FC4092AD82E2800318637 /* Keyaddr.framework in Frameworks */ = {isa = PBXBuildFile; fileRef = F16FC4052AD82E2800318637 /* Keyaddr.framework */; };
		F16FC40A2AD82E2800318637 /* KeyaddrManager.m in Sources */ = {isa = PBXBuildFile; fileRef = F16FC4072AD82E2800318637 /* KeyaddrManager.m */; };
		F16FC40B2AD82E2800318637 /* KeyaddrManager.m in Sources */ = {isa = PBXBuildFile; fileRef = F16FC4072AD82E2800318637 /* KeyaddrManager.m */; };
		FF7C65DBB5E445E1935CD697 /* ClashDisplay-Extralight.otf in Resources */ = {isa = PBXBuildFile; fileRef = 40F90CF5650D40AAB05038CE /* ClashDisplay-Extralight.otf */; };
/* End PBXBuildFile section */

/* Begin PBXContainerItemProxy section */
		00E356F41AD99517003FC87E /* PBXContainerItemProxy */ = {
			isa = PBXContainerItemProxy;
			containerPortal = 83CBB9F71A601CBA00E9B192 /* Project object */;
			proxyType = 1;
			remoteGlobalIDString = 13B07F861A680F5B00A75B9A;
			remoteInfo = NdauWallet;
		};
/* End PBXContainerItemProxy section */

/* Begin PBXFileReference section */
		00E356EE1AD99517003FC87E /* NdauWalletTests.xctest */ = {isa = PBXFileReference; explicitFileType = wrapper.cfbundle; includeInIndex = 0; path = NdauWalletTests.xctest; sourceTree = BUILT_PRODUCTS_DIR; };
		00E356F11AD99517003FC87E /* Info.plist */ = {isa = PBXFileReference; lastKnownFileType = text.plist.xml; path = Info.plist; sourceTree = "<group>"; };
		00E356F21AD99517003FC87E /* NdauWalletTests.m */ = {isa = PBXFileReference; lastKnownFileType = sourcecode.c.objc; path = NdauWalletTests.m; sourceTree = "<group>"; };
		07F30B25976949CFACABE3AF /* ClashDisplay-Light.ttf */ = {isa = PBXFileReference; explicitFileType = undefined; fileEncoding = 9; includeInIndex = 0; lastKnownFileType = unknown; name = "ClashDisplay-Light.ttf"; path = "../src/assets/fonts/ClashDisplay-Light.ttf"; sourceTree = "<group>"; };
		1154B0FF20FE41F595A29909 /* ClashDisplay-Bold.ttf */ = {isa = PBXFileReference; explicitFileType = undefined; fileEncoding = 9; includeInIndex = 0; lastKnownFileType = unknown; name = "ClashDisplay-Bold.ttf"; path = "../src/assets/fonts/ClashDisplay-Bold.ttf"; sourceTree = "<group>"; };
		13B07F961A680F5B00A75B9A /* NdauWallet.app */ = {isa = PBXFileReference; explicitFileType = wrapper.application; includeInIndex = 0; path = NdauWallet.app; sourceTree = BUILT_PRODUCTS_DIR; };
		13B07FAF1A68108700A75B9A /* AppDelegate.h */ = {isa = PBXFileReference; fileEncoding = 4; lastKnownFileType = sourcecode.c.h; name = AppDelegate.h; path = NdauWallet/AppDelegate.h; sourceTree = "<group>"; };
		13B07FB01A68108700A75B9A /* AppDelegate.mm */ = {isa = PBXFileReference; fileEncoding = 4; lastKnownFileType = sourcecode.cpp.objcpp; name = AppDelegate.mm; path = NdauWallet/AppDelegate.mm; sourceTree = "<group>"; };
		13B07FB51A68108700A75B9A /* Images.xcassets */ = {isa = PBXFileReference; lastKnownFileType = folder.assetcatalog; name = Images.xcassets; path = NdauWallet/Images.xcassets; sourceTree = "<group>"; };
		13B07FB61A68108700A75B9A /* Info.plist */ = {isa = PBXFileReference; fileEncoding = 4; lastKnownFileType = text.plist.xml; name = Info.plist; path = NdauWallet/Info.plist; sourceTree = "<group>"; };
		13B07FB71A68108700A75B9A /* main.m */ = {isa = PBXFileReference; fileEncoding = 4; lastKnownFileType = sourcecode.c.objc; name = main.m; path = NdauWallet/main.m; sourceTree = "<group>"; };
		19F6CBCC0A4E27FBF8BF4A61 /* libPods-NdauWallet-NdauWalletTests.a */ = {isa = PBXFileReference; explicitFileType = archive.ar; includeInIndex = 0; path = "libPods-NdauWallet-NdauWalletTests.a"; sourceTree = BUILT_PRODUCTS_DIR; };
		1BAA25DD7EEA4D7F9A5366EE /* TitilliumWeb-LightItalic.ttf */ = {isa = PBXFileReference; explicitFileType = undefined; fileEncoding = 9; includeInIndex = 0; lastKnownFileType = unknown; name = "TitilliumWeb-LightItalic.ttf"; path = "../src/assets/fonts/TitilliumWeb-LightItalic.ttf"; sourceTree = "<group>"; };
		38C6F876B9AE4F38B2BD826B /* TitilliumWeb-Light.ttf */ = {isa = PBXFileReference; explicitFileType = undefined; fileEncoding = 9; includeInIndex = 0; lastKnownFileType = unknown; name = "TitilliumWeb-Light.ttf"; path = "../src/assets/fonts/TitilliumWeb-Light.ttf"; sourceTree = "<group>"; };
		3B4392A12AC88292D35C810B /* Pods-NdauWallet.debug.xcconfig */ = {isa = PBXFileReference; includeInIndex = 1; lastKnownFileType = text.xcconfig; name = "Pods-NdauWallet.debug.xcconfig"; path = "Target Support Files/Pods-NdauWallet/Pods-NdauWallet.debug.xcconfig"; sourceTree = "<group>"; };
		3B771139B7004A63A7D37DBA /* TitilliumWeb-ExtraLightItalic.ttf */ = {isa = PBXFileReference; explicitFileType = undefined; fileEncoding = 9; includeInIndex = 0; lastKnownFileType = unknown; name = "TitilliumWeb-ExtraLightItalic.ttf"; path = "../src/assets/fonts/TitilliumWeb-ExtraLightItalic.ttf"; sourceTree = "<group>"; };
		40F90CF5650D40AAB05038CE /* ClashDisplay-Extralight.otf */ = {isa = PBXFileReference; explicitFileType = undefined; fileEncoding = 9; includeInIndex = 0; lastKnownFileType = unknown; name = "ClashDisplay-Extralight.otf"; path = "../src/assets/fonts/ClashDisplay-Extralight.otf"; sourceTree = "<group>"; };
		4EA3FDE105F249CE857782F2 /* TitilliumWeb-BoldItalic.ttf */ = {isa = PBXFileReference; explicitFileType = undefined; fileEncoding = 9; includeInIndex = 0; lastKnownFileType = unknown; name = "TitilliumWeb-BoldItalic.ttf"; path = "../src/assets/fonts/TitilliumWeb-BoldItalic.ttf"; sourceTree = "<group>"; };
		4F1656018FEE43EBA6807756 /* ClashDisplay-Medium.otf */ = {isa = PBXFileReference; explicitFileType = undefined; fileEncoding = 9; includeInIndex = 0; lastKnownFileType = unknown; name = "ClashDisplay-Medium.otf"; path = "../src/assets/fonts/ClashDisplay-Medium.otf"; sourceTree = "<group>"; };
		521A878DE6BB400B973C068D /* TitilliumWeb-ExtraLight.ttf */ = {isa = PBXFileReference; explicitFileType = undefined; fileEncoding = 9; includeInIndex = 0; lastKnownFileType = unknown; name = "TitilliumWeb-ExtraLight.ttf"; path = "../src/assets/fonts/TitilliumWeb-ExtraLight.ttf"; sourceTree = "<group>"; };
		5709B34CF0A7D63546082F79 /* Pods-NdauWallet.release.xcconfig */ = {isa = PBXFileReference; includeInIndex = 1; lastKnownFileType = text.xcconfig; name = "Pods-NdauWallet.release.xcconfig"; path = "Target Support Files/Pods-NdauWallet/Pods-NdauWallet.release.xcconfig"; sourceTree = "<group>"; };
		5B7EB9410499542E8C5724F5 /* Pods-NdauWallet-NdauWalletTests.debug.xcconfig */ = {isa = PBXFileReference; includeInIndex = 1; lastKnownFileType = text.xcconfig; name = "Pods-NdauWallet-NdauWalletTests.debug.xcconfig"; path = "Target Support Files/Pods-NdauWallet-NdauWalletTests/Pods-NdauWallet-NdauWalletTests.debug.xcconfig"; sourceTree = "<group>"; };
		5DCACB8F33CDC322A6C60F78 /* libPods-NdauWallet.a */ = {isa = PBXFileReference; explicitFileType = archive.ar; includeInIndex = 0; path = "libPods-NdauWallet.a"; sourceTree = BUILT_PRODUCTS_DIR; };
		61EACE4A6803408CBA23CD8D /* ClashDisplay-Variable.ttf */ = {isa = PBXFileReference; explicitFileType = undefined; fileEncoding = 9; includeInIndex = 0; lastKnownFileType = unknown; name = "ClashDisplay-Variable.ttf"; path = "../src/assets/fonts/ClashDisplay-Variable.ttf"; sourceTree = "<group>"; };
		6FB34F3CFFCD400999EFC75D /* ClashDisplay-Regular.ttf */ = {isa = PBXFileReference; explicitFileType = undefined; fileEncoding = 9; includeInIndex = 0; lastKnownFileType = unknown; name = "ClashDisplay-Regular.ttf"; path = "../src/assets/fonts/ClashDisplay-Regular.ttf"; sourceTree = "<group>"; };
		734E9DBD58AD4994AA832F3B /* TitilliumWeb-Black.ttf */ = {isa = PBXFileReference; explicitFileType = undefined; fileEncoding = 9; includeInIndex = 0; lastKnownFileType = unknown; name = "TitilliumWeb-Black.ttf"; path = "../src/assets/fonts/TitilliumWeb-Black.ttf"; sourceTree = "<group>"; };
		7F84080B73C74AD39950EAB3 /* ClashDisplay-Medium.ttf */ = {isa = PBXFileReference; explicitFileType = undefined; fileEncoding = 9; includeInIndex = 0; lastKnownFileType = unknown; name = "ClashDisplay-Medium.ttf"; path = "../src/assets/fonts/ClashDisplay-Medium.ttf"; sourceTree = "<group>"; };
		81AB9BB72411601600AC10FF /* LaunchScreen.storyboard */ = {isa = PBXFileReference; fileEncoding = 4; lastKnownFileType = file.storyboard; name = LaunchScreen.storyboard; path = NdauWallet/LaunchScreen.storyboard; sourceTree = "<group>"; };
		8795ED317635451AB11CEE88 /* TitilliumWeb-Italic.ttf */ = {isa = PBXFileReference; explicitFileType = undefined; fileEncoding = 9; includeInIndex = 0; lastKnownFileType = unknown; name = "TitilliumWeb-Italic.ttf"; path = "../src/assets/fonts/TitilliumWeb-Italic.ttf"; sourceTree = "<group>"; };
		891F0C57440D4A8BA0B08B69 /* TitilliumWeb-SemiBoldItalic.ttf */ = {isa = PBXFileReference; explicitFileType = undefined; fileEncoding = 9; includeInIndex = 0; lastKnownFileType = unknown; name = "TitilliumWeb-SemiBoldItalic.ttf"; path = "../src/assets/fonts/TitilliumWeb-SemiBoldItalic.ttf"; sourceTree = "<group>"; };
		89C6BE57DB24E9ADA2F236DE /* Pods-NdauWallet-NdauWalletTests.release.xcconfig */ = {isa = PBXFileReference; includeInIndex = 1; lastKnownFileType = text.xcconfig; name = "Pods-NdauWallet-NdauWalletTests.release.xcconfig"; path = "Target Support Files/Pods-NdauWallet-NdauWalletTests/Pods-NdauWallet-NdauWalletTests.release.xcconfig"; sourceTree = "<group>"; };
		8BF121AA576E441BB3B0347C /* TitilliumWeb-Bold.ttf */ = {isa = PBXFileReference; explicitFileType = undefined; fileEncoding = 9; includeInIndex = 0; lastKnownFileType = unknown; name = "TitilliumWeb-Bold.ttf"; path = "../src/assets/fonts/TitilliumWeb-Bold.ttf"; sourceTree = "<group>"; };
		9C9BE134F9664D94AB08AC06 /* ClashDisplay-Light.otf */ = {isa = PBXFileReference; explicitFileType = undefined; fileEncoding = 9; includeInIndex = 0; lastKnownFileType = unknown; name = "ClashDisplay-Light.otf"; path = "../src/assets/fonts/ClashDisplay-Light.otf"; sourceTree = "<group>"; };
		AF4048EE1C4C472194BCC6C9 /* ClashDisplay-Bold.otf */ = {isa = PBXFileReference; explicitFileType = undefined; fileEncoding = 9; includeInIndex = 0; lastKnownFileType = unknown; name = "ClashDisplay-Bold.otf"; path = "../src/assets/fonts/ClashDisplay-Bold.otf"; sourceTree = "<group>"; };
		B59BBC429D5E4ABDAC38FB2F /* ClashDisplay-Semibold.ttf */ = {isa = PBXFileReference; explicitFileType = undefined; fileEncoding = 9; includeInIndex = 0; lastKnownFileType = unknown; name = "ClashDisplay-Semibold.ttf"; path = "../src/assets/fonts/ClashDisplay-Semibold.ttf"; sourceTree = "<group>"; };
		BAFAA29F55C040549E1635E6 /* ClashDisplay-Semibold.otf */ = {isa = PBXFileReference; explicitFileType = undefined; fileEncoding = 9; includeInIndex = 0; lastKnownFileType = unknown; name = "ClashDisplay-Semibold.otf"; path = "../src/assets/fonts/ClashDisplay-Semibold.otf"; sourceTree = "<group>"; };
		C37E1E91DACC4977B3FC2961 /* ClashDisplay-Regular.otf */ = {isa = PBXFileReference; explicitFileType = undefined; fileEncoding = 9; includeInIndex = 0; lastKnownFileType = unknown; name = "ClashDisplay-Regular.otf"; path = "../src/assets/fonts/ClashDisplay-Regular.otf"; sourceTree = "<group>"; };
		D86C679FA8D24E919EB871EE /* TitilliumWeb-SemiBold.ttf */ = {isa = PBXFileReference; explicitFileType = undefined; fileEncoding = 9; includeInIndex = 0; lastKnownFileType = unknown; name = "TitilliumWeb-SemiBold.ttf"; path = "../src/assets/fonts/TitilliumWeb-SemiBold.ttf"; sourceTree = "<group>"; };
		EA07D1C7E110472585008A2C /* TitilliumWeb-Regular.ttf */ = {isa = PBXFileReference; explicitFileType = undefined; fileEncoding = 9; includeInIndex = 0; lastKnownFileType = unknown; name = "TitilliumWeb-Regular.ttf"; path = "../src/assets/fonts/TitilliumWeb-Regular.ttf"; sourceTree = "<group>"; };
		ED297162215061F000B7C4FE /* JavaScriptCore.framework */ = {isa = PBXFileReference; lastKnownFileType = wrapper.framework; name = JavaScriptCore.framework; path = System/Library/Frameworks/JavaScriptCore.framework; sourceTree = SDKROOT; };
		F16FC4052AD82E2800318637 /* Keyaddr.framework */ = {isa = PBXFileReference; lastKnownFileType = wrapper.framework; path = Keyaddr.framework; sourceTree = "<group>"; };
		F16FC4062AD82E2800318637 /* KeyaddrManager.h */ = {isa = PBXFileReference; fileEncoding = 4; lastKnownFileType = sourcecode.c.h; path = KeyaddrManager.h; sourceTree = "<group>"; };
		F16FC4072AD82E2800318637 /* KeyaddrManager.m */ = {isa = PBXFileReference; fileEncoding = 4; lastKnownFileType = sourcecode.c.objc; path = KeyaddrManager.m; sourceTree = "<group>"; };
/* End PBXFileReference section */

/* Begin PBXFrameworksBuildPhase section */
		00E356EB1AD99517003FC87E /* Frameworks */ = {
			isa = PBXFrameworksBuildPhase;
			buildActionMask = 2147483647;
			files = (
				7699B88040F8A987B510C191 /* libPods-NdauWallet-NdauWalletTests.a in Frameworks */,
				F16FC4092AD82E2800318637 /* Keyaddr.framework in Frameworks */,
			);
			runOnlyForDeploymentPostprocessing = 0;
		};
		13B07F8C1A680F5B00A75B9A /* Frameworks */ = {
			isa = PBXFrameworksBuildPhase;
			buildActionMask = 2147483647;
			files = (
				0C80B921A6F3F58F76C31292 /* libPods-NdauWallet.a in Frameworks */,
				F16FC4082AD82E2800318637 /* Keyaddr.framework in Frameworks */,
			);
			runOnlyForDeploymentPostprocessing = 0;
		};
/* End PBXFrameworksBuildPhase section */

/* Begin PBXGroup section */
		00E356EF1AD99517003FC87E /* NdauWalletTests */ = {
			isa = PBXGroup;
			children = (
				00E356F21AD99517003FC87E /* NdauWalletTests.m */,
				00E356F01AD99517003FC87E /* Supporting Files */,
			);
			path = NdauWalletTests;
			sourceTree = "<group>";
		};
		00E356F01AD99517003FC87E /* Supporting Files */ = {
			isa = PBXGroup;
			children = (
				00E356F11AD99517003FC87E /* Info.plist */,
			);
			name = "Supporting Files";
			sourceTree = "<group>";
		};
		13B07FAE1A68108700A75B9A /* NdauWallet */ = {
			isa = PBXGroup;
			children = (
				13B07FAF1A68108700A75B9A /* AppDelegate.h */,
				13B07FB01A68108700A75B9A /* AppDelegate.mm */,
				13B07FB51A68108700A75B9A /* Images.xcassets */,
				13B07FB61A68108700A75B9A /* Info.plist */,
				81AB9BB72411601600AC10FF /* LaunchScreen.storyboard */,
				13B07FB71A68108700A75B9A /* main.m */,
			);
			name = NdauWallet;
			sourceTree = "<group>";
		};
		2D16E6871FA4F8E400B85C8A /* Frameworks */ = {
			isa = PBXGroup;
			children = (
				ED297162215061F000B7C4FE /* JavaScriptCore.framework */,
				5DCACB8F33CDC322A6C60F78 /* libPods-NdauWallet.a */,
				19F6CBCC0A4E27FBF8BF4A61 /* libPods-NdauWallet-NdauWalletTests.a */,
			);
			name = Frameworks;
			sourceTree = "<group>";
		};
		832341AE1AAA6A7D00B99B32 /* Libraries */ = {
			isa = PBXGroup;
			children = (
			);
			name = Libraries;
			sourceTree = "<group>";
		};
		83CBB9F61A601CBA00E9B192 = {
			isa = PBXGroup;
			children = (
				F16FC4052AD82E2800318637 /* Keyaddr.framework */,
				F16FC4062AD82E2800318637 /* KeyaddrManager.h */,
				F16FC4072AD82E2800318637 /* KeyaddrManager.m */,
				13B07FAE1A68108700A75B9A /* NdauWallet */,
				832341AE1AAA6A7D00B99B32 /* Libraries */,
				00E356EF1AD99517003FC87E /* NdauWalletTests */,
				83CBBA001A601CBA00E9B192 /* Products */,
				2D16E6871FA4F8E400B85C8A /* Frameworks */,
				BBD78D7AC51CEA395F1C20DB /* Pods */,
				D54E3CF353724336A8AE917C /* Resources */,
			);
			indentWidth = 2;
			sourceTree = "<group>";
			tabWidth = 2;
			usesTabs = 0;
		};
		83CBBA001A601CBA00E9B192 /* Products */ = {
			isa = PBXGroup;
			children = (
				13B07F961A680F5B00A75B9A /* NdauWallet.app */,
				00E356EE1AD99517003FC87E /* NdauWalletTests.xctest */,
			);
			name = Products;
			sourceTree = "<group>";
		};
		BBD78D7AC51CEA395F1C20DB /* Pods */ = {
			isa = PBXGroup;
			children = (
				3B4392A12AC88292D35C810B /* Pods-NdauWallet.debug.xcconfig */,
				5709B34CF0A7D63546082F79 /* Pods-NdauWallet.release.xcconfig */,
				5B7EB9410499542E8C5724F5 /* Pods-NdauWallet-NdauWalletTests.debug.xcconfig */,
				89C6BE57DB24E9ADA2F236DE /* Pods-NdauWallet-NdauWalletTests.release.xcconfig */,
			);
			path = Pods;
			sourceTree = "<group>";
		};
		D54E3CF353724336A8AE917C /* Resources */ = {
			isa = PBXGroup;
			children = (
				AF4048EE1C4C472194BCC6C9 /* ClashDisplay-Bold.otf */,
				40F90CF5650D40AAB05038CE /* ClashDisplay-Extralight.otf */,
				9C9BE134F9664D94AB08AC06 /* ClashDisplay-Light.otf */,
				4F1656018FEE43EBA6807756 /* ClashDisplay-Medium.otf */,
				C37E1E91DACC4977B3FC2961 /* ClashDisplay-Regular.otf */,
				BAFAA29F55C040549E1635E6 /* ClashDisplay-Semibold.otf */,
				1154B0FF20FE41F595A29909 /* ClashDisplay-Bold.ttf */,
				07F30B25976949CFACABE3AF /* ClashDisplay-Light.ttf */,
				7F84080B73C74AD39950EAB3 /* ClashDisplay-Medium.ttf */,
				6FB34F3CFFCD400999EFC75D /* ClashDisplay-Regular.ttf */,
				B59BBC429D5E4ABDAC38FB2F /* ClashDisplay-Semibold.ttf */,
				61EACE4A6803408CBA23CD8D /* ClashDisplay-Variable.ttf */,
				734E9DBD58AD4994AA832F3B /* TitilliumWeb-Black.ttf */,
				8BF121AA576E441BB3B0347C /* TitilliumWeb-Bold.ttf */,
				4EA3FDE105F249CE857782F2 /* TitilliumWeb-BoldItalic.ttf */,
				521A878DE6BB400B973C068D /* TitilliumWeb-ExtraLight.ttf */,
				3B771139B7004A63A7D37DBA /* TitilliumWeb-ExtraLightItalic.ttf */,
				8795ED317635451AB11CEE88 /* TitilliumWeb-Italic.ttf */,
				38C6F876B9AE4F38B2BD826B /* TitilliumWeb-Light.ttf */,
				1BAA25DD7EEA4D7F9A5366EE /* TitilliumWeb-LightItalic.ttf */,
				EA07D1C7E110472585008A2C /* TitilliumWeb-Regular.ttf */,
				D86C679FA8D24E919EB871EE /* TitilliumWeb-SemiBold.ttf */,
				891F0C57440D4A8BA0B08B69 /* TitilliumWeb-SemiBoldItalic.ttf */,
			);
			name = Resources;
			sourceTree = "<group>";
		};
/* End PBXGroup section */

/* Begin PBXNativeTarget section */
		00E356ED1AD99517003FC87E /* NdauWalletTests */ = {
			isa = PBXNativeTarget;
			buildConfigurationList = 00E357021AD99517003FC87E /* Build configuration list for PBXNativeTarget "NdauWalletTests" */;
			buildPhases = (
				A55EABD7B0C7F3A422A6CC61 /* [CP] Check Pods Manifest.lock */,
				00E356EA1AD99517003FC87E /* Sources */,
				00E356EB1AD99517003FC87E /* Frameworks */,
				00E356EC1AD99517003FC87E /* Resources */,
				F6A41C54EA430FDDC6A6ED99 /* [CP] Copy Pods Resources */,
				98904F0D10609830F40F2CAF /* [CP] Embed Pods Frameworks */,
			);
			buildRules = (
			);
			dependencies = (
				00E356F51AD99517003FC87E /* PBXTargetDependency */,
			);
			name = NdauWalletTests;
			productName = NdauWalletTests;
			productReference = 00E356EE1AD99517003FC87E /* NdauWalletTests.xctest */;
			productType = "com.apple.product-type.bundle.unit-test";
		};
		13B07F861A680F5B00A75B9A /* NdauWallet */ = {
			isa = PBXNativeTarget;
			buildConfigurationList = 13B07F931A680F5B00A75B9A /* Build configuration list for PBXNativeTarget "NdauWallet" */;
			buildPhases = (
				C38B50BA6285516D6DCD4F65 /* [CP] Check Pods Manifest.lock */,
				FD10A7F022414F080027D42C /* Start Packager */,
				13B07F871A680F5B00A75B9A /* Sources */,
				13B07F8C1A680F5B00A75B9A /* Frameworks */,
				13B07F8E1A680F5B00A75B9A /* Resources */,
				00DD1BFF1BD5951E006B06BC /* Bundle React Native code and images */,
				E235C05ADACE081382539298 /* [CP] Copy Pods Resources */,
				798AD71B708723FC44798E33 /* [CP] Embed Pods Frameworks */,
			);
			buildRules = (
			);
			dependencies = (
			);
			name = NdauWallet;
			productName = NdauWallet;
			productReference = 13B07F961A680F5B00A75B9A /* NdauWallet.app */;
			productType = "com.apple.product-type.application";
		};
/* End PBXNativeTarget section */

/* Begin PBXProject section */
		83CBB9F71A601CBA00E9B192 /* Project object */ = {
			isa = PBXProject;
			attributes = {
				LastUpgradeCheck = 1210;
				TargetAttributes = {
					00E356ED1AD99517003FC87E = {
						CreatedOnToolsVersion = 6.2;
						TestTargetID = 13B07F861A680F5B00A75B9A;
					};
					13B07F861A680F5B00A75B9A = {
						LastSwiftMigration = 1120;
					};
				};
			};
			buildConfigurationList = 83CBB9FA1A601CBA00E9B192 /* Build configuration list for PBXProject "NdauWallet" */;
			compatibilityVersion = "Xcode 12.0";
			developmentRegion = en;
			hasScannedForEncodings = 0;
			knownRegions = (
				en,
				Base,
			);
			mainGroup = 83CBB9F61A601CBA00E9B192;
			productRefGroup = 83CBBA001A601CBA00E9B192 /* Products */;
			projectDirPath = "";
			projectRoot = "";
			targets = (
				13B07F861A680F5B00A75B9A /* NdauWallet */,
				00E356ED1AD99517003FC87E /* NdauWalletTests */,
			);
		};
/* End PBXProject section */

/* Begin PBXResourcesBuildPhase section */
		00E356EC1AD99517003FC87E /* Resources */ = {
			isa = PBXResourcesBuildPhase;
			buildActionMask = 2147483647;
			files = (
			);
			runOnlyForDeploymentPostprocessing = 0;
		};
		13B07F8E1A680F5B00A75B9A /* Resources */ = {
			isa = PBXResourcesBuildPhase;
			buildActionMask = 2147483647;
			files = (
				81AB9BB82411601600AC10FF /* LaunchScreen.storyboard in Resources */,
				13B07FBF1A68108700A75B9A /* Images.xcassets in Resources */,
				5D9D1551034346E6B7A3C3B1 /* ClashDisplay-Bold.otf in Resources */,
				FF7C65DBB5E445E1935CD697 /* ClashDisplay-Extralight.otf in Resources */,
				1760D8D960FF450AAEEA57B8 /* ClashDisplay-Light.otf in Resources */,
				57CB9FECE02244249E28A850 /* ClashDisplay-Medium.otf in Resources */,
				0DF3843A5F91471DBE02A287 /* ClashDisplay-Regular.otf in Resources */,
				E77634A522C644FF9E35AD7C /* ClashDisplay-Semibold.otf in Resources */,
				D9241EC28F32413E8C503200 /* ClashDisplay-Bold.ttf in Resources */,
				157B71BC18294B6B89348BBD /* ClashDisplay-Light.ttf in Resources */,
				EF7693BECBE84DBEAD4E3586 /* ClashDisplay-Medium.ttf in Resources */,
				8596293AF89B4315A6D44E68 /* ClashDisplay-Regular.ttf in Resources */,
				5656ABB979164295B27940F4 /* ClashDisplay-Semibold.ttf in Resources */,
				AC9CFF6F8A3E4AD9A0475DA1 /* ClashDisplay-Variable.ttf in Resources */,
				7A429B183FD94D46809BFBCF /* TitilliumWeb-Black.ttf in Resources */,
				5003647FED734B11A285ED52 /* TitilliumWeb-Bold.ttf in Resources */,
				9D081B7863634A908B298A27 /* TitilliumWeb-BoldItalic.ttf in Resources */,
				AE126ADCCE714266A27D28BC /* TitilliumWeb-ExtraLight.ttf in Resources */,
				8216B409FA584BA3B72A1173 /* TitilliumWeb-ExtraLightItalic.ttf in Resources */,
				0D2F719E393240F98DECD8E1 /* TitilliumWeb-Italic.ttf in Resources */,
				4E5FA1EAC06B43EF9297B454 /* TitilliumWeb-Light.ttf in Resources */,
				01BABFFBAA6B4EC788B84678 /* TitilliumWeb-LightItalic.ttf in Resources */,
				18DB22D869E243C5B7BD9B9F /* TitilliumWeb-Regular.ttf in Resources */,
				35C41846E8824AAD9AA09434 /* TitilliumWeb-SemiBold.ttf in Resources */,
				75554FD6EC344D6B98345126 /* TitilliumWeb-SemiBoldItalic.ttf in Resources */,
			);
			runOnlyForDeploymentPostprocessing = 0;
		};
/* End PBXResourcesBuildPhase section */

/* Begin PBXShellScriptBuildPhase section */
		00DD1BFF1BD5951E006B06BC /* Bundle React Native code and images */ = {
			isa = PBXShellScriptBuildPhase;
			buildActionMask = 2147483647;
			files = (
			);
			inputPaths = (
				"$(SRCROOT)/.xcode.env.local",
				"$(SRCROOT)/.xcode.env",
			);
			name = "Bundle React Native code and images";
			outputPaths = (
			);
			runOnlyForDeploymentPostprocessing = 0;
			shellPath = /bin/sh;
			shellScript = "set -e\n\nWITH_ENVIRONMENT=\"../node_modules/react-native/scripts/xcode/with-environment.sh\"\nREACT_NATIVE_XCODE=\"../node_modules/react-native/scripts/react-native-xcode.sh\"\n\n/bin/sh -c \"$WITH_ENVIRONMENT $REACT_NATIVE_XCODE\"\n";
		};
		798AD71B708723FC44798E33 /* [CP] Embed Pods Frameworks */ = {
			isa = PBXShellScriptBuildPhase;
			buildActionMask = 2147483647;
			files = (
			);
			inputFileListPaths = (
				"${PODS_ROOT}/Target Support Files/Pods-NdauWallet/Pods-NdauWallet-frameworks-${CONFIGURATION}-input-files.xcfilelist",
			);
			name = "[CP] Embed Pods Frameworks";
			outputFileListPaths = (
				"${PODS_ROOT}/Target Support Files/Pods-NdauWallet/Pods-NdauWallet-frameworks-${CONFIGURATION}-output-files.xcfilelist",
			);
			runOnlyForDeploymentPostprocessing = 0;
			shellPath = /bin/sh;
			shellScript = "\"${PODS_ROOT}/Target Support Files/Pods-NdauWallet/Pods-NdauWallet-frameworks.sh\"\n";
			showEnvVarsInLog = 0;
		};
		98904F0D10609830F40F2CAF /* [CP] Embed Pods Frameworks */ = {
			isa = PBXShellScriptBuildPhase;
			buildActionMask = 2147483647;
			files = (
			);
			inputFileListPaths = (
				"${PODS_ROOT}/Target Support Files/Pods-NdauWallet-NdauWalletTests/Pods-NdauWallet-NdauWalletTests-frameworks-${CONFIGURATION}-input-files.xcfilelist",
			);
			name = "[CP] Embed Pods Frameworks";
			outputFileListPaths = (
				"${PODS_ROOT}/Target Support Files/Pods-NdauWallet-NdauWalletTests/Pods-NdauWallet-NdauWalletTests-frameworks-${CONFIGURATION}-output-files.xcfilelist",
			);
			runOnlyForDeploymentPostprocessing = 0;
			shellPath = /bin/sh;
			shellScript = "\"${PODS_ROOT}/Target Support Files/Pods-NdauWallet-NdauWalletTests/Pods-NdauWallet-NdauWalletTests-frameworks.sh\"\n";
			showEnvVarsInLog = 0;
		};
		A55EABD7B0C7F3A422A6CC61 /* [CP] Check Pods Manifest.lock */ = {
			isa = PBXShellScriptBuildPhase;
			buildActionMask = 2147483647;
			files = (
			);
			inputFileListPaths = (
			);
			inputPaths = (
				"${PODS_PODFILE_DIR_PATH}/Podfile.lock",
				"${PODS_ROOT}/Manifest.lock",
			);
			name = "[CP] Check Pods Manifest.lock";
			outputFileListPaths = (
			);
			outputPaths = (
				"$(DERIVED_FILE_DIR)/Pods-NdauWallet-NdauWalletTests-checkManifestLockResult.txt",
			);
			runOnlyForDeploymentPostprocessing = 0;
			shellPath = /bin/sh;
			shellScript = "diff \"${PODS_PODFILE_DIR_PATH}/Podfile.lock\" \"${PODS_ROOT}/Manifest.lock\" > /dev/null\nif [ $? != 0 ] ; then\n    # print error to STDERR\n    echo \"error: The sandbox is not in sync with the Podfile.lock. Run 'pod install' or update your CocoaPods installation.\" >&2\n    exit 1\nfi\n# This output is used by Xcode 'outputs' to avoid re-running this script phase.\necho \"SUCCESS\" > \"${SCRIPT_OUTPUT_FILE_0}\"\n";
			showEnvVarsInLog = 0;
		};
		C38B50BA6285516D6DCD4F65 /* [CP] Check Pods Manifest.lock */ = {
			isa = PBXShellScriptBuildPhase;
			buildActionMask = 2147483647;
			files = (
			);
			inputFileListPaths = (
			);
			inputPaths = (
				"${PODS_PODFILE_DIR_PATH}/Podfile.lock",
				"${PODS_ROOT}/Manifest.lock",
			);
			name = "[CP] Check Pods Manifest.lock";
			outputFileListPaths = (
			);
			outputPaths = (
				"$(DERIVED_FILE_DIR)/Pods-NdauWallet-checkManifestLockResult.txt",
			);
			runOnlyForDeploymentPostprocessing = 0;
			shellPath = /bin/sh;
			shellScript = "diff \"${PODS_PODFILE_DIR_PATH}/Podfile.lock\" \"${PODS_ROOT}/Manifest.lock\" > /dev/null\nif [ $? != 0 ] ; then\n    # print error to STDERR\n    echo \"error: The sandbox is not in sync with the Podfile.lock. Run 'pod install' or update your CocoaPods installation.\" >&2\n    exit 1\nfi\n# This output is used by Xcode 'outputs' to avoid re-running this script phase.\necho \"SUCCESS\" > \"${SCRIPT_OUTPUT_FILE_0}\"\n";
			showEnvVarsInLog = 0;
		};
		E235C05ADACE081382539298 /* [CP] Copy Pods Resources */ = {
			isa = PBXShellScriptBuildPhase;
			buildActionMask = 2147483647;
			files = (
			);
			inputFileListPaths = (
				"${PODS_ROOT}/Target Support Files/Pods-NdauWallet/Pods-NdauWallet-resources-${CONFIGURATION}-input-files.xcfilelist",
			);
			name = "[CP] Copy Pods Resources";
			outputFileListPaths = (
				"${PODS_ROOT}/Target Support Files/Pods-NdauWallet/Pods-NdauWallet-resources-${CONFIGURATION}-output-files.xcfilelist",
			);
			runOnlyForDeploymentPostprocessing = 0;
			shellPath = /bin/sh;
			shellScript = "\"${PODS_ROOT}/Target Support Files/Pods-NdauWallet/Pods-NdauWallet-resources.sh\"\n";
			showEnvVarsInLog = 0;
		};
		F6A41C54EA430FDDC6A6ED99 /* [CP] Copy Pods Resources */ = {
			isa = PBXShellScriptBuildPhase;
			buildActionMask = 2147483647;
			files = (
			);
			inputFileListPaths = (
				"${PODS_ROOT}/Target Support Files/Pods-NdauWallet-NdauWalletTests/Pods-NdauWallet-NdauWalletTests-resources-${CONFIGURATION}-input-files.xcfilelist",
			);
			name = "[CP] Copy Pods Resources";
			outputFileListPaths = (
				"${PODS_ROOT}/Target Support Files/Pods-NdauWallet-NdauWalletTests/Pods-NdauWallet-NdauWalletTests-resources-${CONFIGURATION}-output-files.xcfilelist",
			);
			runOnlyForDeploymentPostprocessing = 0;
			shellPath = /bin/sh;
			shellScript = "\"${PODS_ROOT}/Target Support Files/Pods-NdauWallet-NdauWalletTests/Pods-NdauWallet-NdauWalletTests-resources.sh\"\n";
			showEnvVarsInLog = 0;
		};
		FD10A7F022414F080027D42C /* Start Packager */ = {
			isa = PBXShellScriptBuildPhase;
			buildActionMask = 2147483647;
			files = (
			);
			inputFileListPaths = (
			);
			inputPaths = (
			);
			name = "Start Packager";
			outputFileListPaths = (
			);
			outputPaths = (
			);
			runOnlyForDeploymentPostprocessing = 0;
			shellPath = /bin/sh;
			shellScript = "export RCT_METRO_PORT=\"${RCT_METRO_PORT:=8081}\"\necho \"export RCT_METRO_PORT=${RCT_METRO_PORT}\" > \"${SRCROOT}/../node_modules/react-native/scripts/.packager.env\"\nif [ -z \"${RCT_NO_LAUNCH_PACKAGER+xxx}\" ] ; then\n  if nc -w 5 -z localhost ${RCT_METRO_PORT} ; then\n    if ! curl -s \"http://localhost:${RCT_METRO_PORT}/status\" | grep -q \"packager-status:running\" ; then\n      echo \"Port ${RCT_METRO_PORT} already in use, packager is either not running or not running correctly\"\n      exit 2\n    fi\n  else\n    open \"$SRCROOT/../node_modules/react-native/scripts/launchPackager.command\" || echo \"Can't start packager automatically\"\n  fi\nfi\n";
			showEnvVarsInLog = 0;
		};
/* End PBXShellScriptBuildPhase section */

/* Begin PBXSourcesBuildPhase section */
		00E356EA1AD99517003FC87E /* Sources */ = {
			isa = PBXSourcesBuildPhase;
			buildActionMask = 2147483647;
			files = (
				F16FC40B2AD82E2800318637 /* KeyaddrManager.m in Sources */,
				00E356F31AD99517003FC87E /* NdauWalletTests.m in Sources */,
			);
			runOnlyForDeploymentPostprocessing = 0;
		};
		13B07F871A680F5B00A75B9A /* Sources */ = {
			isa = PBXSourcesBuildPhase;
			buildActionMask = 2147483647;
			files = (
				F16FC40A2AD82E2800318637 /* KeyaddrManager.m in Sources */,
				13B07FBC1A68108700A75B9A /* AppDelegate.mm in Sources */,
				13B07FC11A68108700A75B9A /* main.m in Sources */,
			);
			runOnlyForDeploymentPostprocessing = 0;
		};
/* End PBXSourcesBuildPhase section */

/* Begin PBXTargetDependency section */
		00E356F51AD99517003FC87E /* PBXTargetDependency */ = {
			isa = PBXTargetDependency;
			target = 13B07F861A680F5B00A75B9A /* NdauWallet */;
			targetProxy = 00E356F41AD99517003FC87E /* PBXContainerItemProxy */;
		};
/* End PBXTargetDependency section */

/* Begin XCBuildConfiguration section */
		00E356F61AD99517003FC87E /* Debug */ = {
			isa = XCBuildConfiguration;
			baseConfigurationReference = 5B7EB9410499542E8C5724F5 /* Pods-NdauWallet-NdauWalletTests.debug.xcconfig */;
			buildSettings = {
				BUNDLE_LOADER = "$(TEST_HOST)";
				DEVELOPMENT_TEAM = 52CMB5YQ7W;
				FRAMEWORK_SEARCH_PATHS = (
					"$(inherited)",
					"$(PROJECT_DIR)",
				);
				GCC_PREPROCESSOR_DEFINITIONS = (
					"DEBUG=1",
					"$(inherited)",
				);
				INFOPLIST_FILE = NdauWalletTests/Info.plist;
				IPHONEOS_DEPLOYMENT_TARGET = 12.4;
				LD_RUNPATH_SEARCH_PATHS = (
					"$(inherited)",
					"@executable_path/Frameworks",
					"@loader_path/Frameworks",
				);
				OTHER_LDFLAGS = (
					"-ObjC",
					"-lc++",
					"$(inherited)",
				);
				PRODUCT_BUNDLE_IDENTIFIER = com.oneiro.ndauv2;
				PRODUCT_NAME = "$(TARGET_NAME)";
				TEST_HOST = "$(BUILT_PRODUCTS_DIR)/NdauWallet.app/NdauWallet";
			};
			name = Debug;
		};
		00E356F71AD99517003FC87E /* Release */ = {
			isa = XCBuildConfiguration;
			baseConfigurationReference = 89C6BE57DB24E9ADA2F236DE /* Pods-NdauWallet-NdauWalletTests.release.xcconfig */;
			buildSettings = {
				BUNDLE_LOADER = "$(TEST_HOST)";
				COPY_PHASE_STRIP = NO;
				DEVELOPMENT_TEAM = 52CMB5YQ7W;
				FRAMEWORK_SEARCH_PATHS = (
					"$(inherited)",
					"$(PROJECT_DIR)",
				);
				INFOPLIST_FILE = NdauWalletTests/Info.plist;
				IPHONEOS_DEPLOYMENT_TARGET = 12.4;
				LD_RUNPATH_SEARCH_PATHS = (
					"$(inherited)",
					"@executable_path/Frameworks",
					"@loader_path/Frameworks",
				);
				OTHER_LDFLAGS = (
					"-ObjC",
					"-lc++",
					"$(inherited)",
				);
				PRODUCT_BUNDLE_IDENTIFIER = com.oneiro.ndauv2;
				PRODUCT_NAME = "$(TARGET_NAME)";
				TEST_HOST = "$(BUILT_PRODUCTS_DIR)/NdauWallet.app/NdauWallet";
			};
			name = Release;
		};
		13B07F941A680F5B00A75B9A /* Debug */ = {
			isa = XCBuildConfiguration;
			baseConfigurationReference = 3B4392A12AC88292D35C810B /* Pods-NdauWallet.debug.xcconfig */;
			buildSettings = {
				ALLOW_TARGET_PLATFORM_SPECIALIZATION = YES;
				ASSETCATALOG_COMPILER_APPICON_NAME = AppIcon;
				BUILD_LIBRARY_FOR_DISTRIBUTION = YES;
				CLANG_ENABLE_MODULES = YES;
				CURRENT_PROJECT_VERSION = 4;
				DEVELOPMENT_TEAM = 52CMB5YQ7W;
				ENABLE_BITCODE = NO;
				FRAMEWORK_SEARCH_PATHS = (
					"$(inherited)",
					"$(PROJECT_DIR)",
				);
				INFOPLIST_FILE = NdauWallet/Info.plist;
				LD_RUNPATH_SEARCH_PATHS = (
					"$(inherited)",
					"@executable_path/Frameworks",
				);
				MARKETING_VERSION = 0.1;
				OTHER_LDFLAGS = (
					"$(inherited)",
					"-ObjC",
					"-lc++",
				);
				PRODUCT_BUNDLE_IDENTIFIER = com.oneiro.ndauv2;
				PRODUCT_NAME = NdauWallet;
				SUPPORTED_PLATFORMS = "iphonesimulator iphoneos";
				SUPPORTS_MACCATALYST = YES;
				SWIFT_OPTIMIZATION_LEVEL = "-Onone";
				SWIFT_VERSION = 5.0;
				VERSIONING_SYSTEM = "apple-generic";
			};
			name = Debug;
		};
		13B07F951A680F5B00A75B9A /* Release */ = {
			isa = XCBuildConfiguration;
			baseConfigurationReference = 5709B34CF0A7D63546082F79 /* Pods-NdauWallet.release.xcconfig */;
			buildSettings = {
				ALLOW_TARGET_PLATFORM_SPECIALIZATION = YES;
				ASSETCATALOG_COMPILER_APPICON_NAME = AppIcon;
				BUILD_LIBRARY_FOR_DISTRIBUTION = YES;
				CLANG_ENABLE_MODULES = YES;
				CURRENT_PROJECT_VERSION = 4;
				DEVELOPMENT_TEAM = 52CMB5YQ7W;
				FRAMEWORK_SEARCH_PATHS = (
					"$(inherited)",
					"$(PROJECT_DIR)",
				);
				INFOPLIST_FILE = NdauWallet/Info.plist;
				LD_RUNPATH_SEARCH_PATHS = (
					"$(inherited)",
					"@executable_path/Frameworks",
				);
				MARKETING_VERSION = 0.1;
				ONLY_ACTIVE_ARCH = NO;
				OTHER_LDFLAGS = (
					"$(inherited)",
					"-ObjC",
					"-lc++",
				);
				PRODUCT_BUNDLE_IDENTIFIER = com.oneiro.ndauv2;
				PRODUCT_NAME = NdauWallet;
				SUPPORTED_PLATFORMS = "iphonesimulator iphoneos";
				SUPPORTS_MACCATALYST = YES;
				SWIFT_VERSION = 5.0;
				VERSIONING_SYSTEM = "apple-generic";
			};
			name = Release;
		};
		83CBBA201A601CBA00E9B192 /* Debug */ = {
			isa = XCBuildConfiguration;
			buildSettings = {
				ALWAYS_SEARCH_USER_PATHS = NO;
				CLANG_ANALYZER_LOCALIZABILITY_NONLOCALIZED = YES;
				CLANG_CXX_LANGUAGE_STANDARD = "c++17";
				CLANG_CXX_LIBRARY = "libc++";
				CLANG_ENABLE_MODULES = YES;
				CLANG_ENABLE_OBJC_ARC = YES;
				CLANG_WARN_BLOCK_CAPTURE_AUTORELEASING = YES;
				CLANG_WARN_BOOL_CONVERSION = YES;
				CLANG_WARN_COMMA = YES;
				CLANG_WARN_CONSTANT_CONVERSION = YES;
				CLANG_WARN_DEPRECATED_OBJC_IMPLEMENTATIONS = YES;
				CLANG_WARN_DIRECT_OBJC_ISA_USAGE = YES_ERROR;
				CLANG_WARN_EMPTY_BODY = YES;
				CLANG_WARN_ENUM_CONVERSION = YES;
				CLANG_WARN_INFINITE_RECURSION = YES;
				CLANG_WARN_INT_CONVERSION = YES;
				CLANG_WARN_NON_LITERAL_NULL_CONVERSION = YES;
				CLANG_WARN_OBJC_IMPLICIT_RETAIN_SELF = YES;
				CLANG_WARN_OBJC_LITERAL_CONVERSION = YES;
				CLANG_WARN_OBJC_ROOT_CLASS = YES_ERROR;
				CLANG_WARN_QUOTED_INCLUDE_IN_FRAMEWORK_HEADER = YES;
				CLANG_WARN_RANGE_LOOP_ANALYSIS = YES;
				CLANG_WARN_STRICT_PROTOTYPES = YES;
				CLANG_WARN_SUSPICIOUS_MOVE = YES;
				CLANG_WARN_UNREACHABLE_CODE = YES;
				CLANG_WARN__DUPLICATE_METHOD_MATCH = YES;
				"CODE_SIGN_IDENTITY[sdk=iphoneos*]" = "iPhone Developer";
				COPY_PHASE_STRIP = NO;
				ENABLE_STRICT_OBJC_MSGSEND = YES;
				ENABLE_TESTABILITY = YES;
				GCC_C_LANGUAGE_STANDARD = gnu99;
				GCC_DYNAMIC_NO_PIC = NO;
				GCC_NO_COMMON_BLOCKS = YES;
				GCC_OPTIMIZATION_LEVEL = 0;
				GCC_PREPROCESSOR_DEFINITIONS = (
					"DEBUG=1",
					"$(inherited)",
				);
				GCC_SYMBOLS_PRIVATE_EXTERN = NO;
				GCC_WARN_64_TO_32_BIT_CONVERSION = YES;
				GCC_WARN_ABOUT_RETURN_TYPE = YES_ERROR;
				GCC_WARN_UNDECLARED_SELECTOR = YES;
				GCC_WARN_UNINITIALIZED_AUTOS = YES_AGGRESSIVE;
				GCC_WARN_UNUSED_FUNCTION = YES;
				GCC_WARN_UNUSED_VARIABLE = YES;
				IPHONEOS_DEPLOYMENT_TARGET = 12.4;
				LD_RUNPATH_SEARCH_PATHS = (
					/usr/lib/swift,
					"$(inherited)",
				);
				LIBRARY_SEARCH_PATHS = (
					"\"$(SDKROOT)/usr/lib/swift\"",
					"\"$(TOOLCHAIN_DIR)/usr/lib/swift/$(PLATFORM_NAME)\"",
					"\"$(inherited)\"",
				);
				MTL_ENABLE_DEBUG_INFO = YES;
				ONLY_ACTIVE_ARCH = YES;
				OTHER_CFLAGS = "$(inherited)";
				OTHER_CPLUSPLUSFLAGS = (
					"$(OTHER_CFLAGS)",
					"-DFOLLY_NO_CONFIG",
					"-DFOLLY_MOBILE=1",
					"-DFOLLY_USE_LIBCPP=1",
				);
				REACT_NATIVE_PATH = "${PODS_ROOT}/../../node_modules/react-native";
				SDKROOT = iphoneos;
			};
			name = Debug;
		};
		83CBBA211A601CBA00E9B192 /* Release */ = {
			isa = XCBuildConfiguration;
			buildSettings = {
				ALWAYS_SEARCH_USER_PATHS = NO;
				CLANG_ANALYZER_LOCALIZABILITY_NONLOCALIZED = YES;
				CLANG_CXX_LANGUAGE_STANDARD = "c++17";
				CLANG_CXX_LIBRARY = "libc++";
				CLANG_ENABLE_MODULES = YES;
				CLANG_ENABLE_OBJC_ARC = YES;
				CLANG_WARN_BLOCK_CAPTURE_AUTORELEASING = YES;
				CLANG_WARN_BOOL_CONVERSION = YES;
				CLANG_WARN_COMMA = YES;
				CLANG_WARN_CONSTANT_CONVERSION = YES;
				CLANG_WARN_DEPRECATED_OBJC_IMPLEMENTATIONS = YES;
				CLANG_WARN_DIRECT_OBJC_ISA_USAGE = YES_ERROR;
				CLANG_WARN_EMPTY_BODY = YES;
				CLANG_WARN_ENUM_CONVERSION = YES;
				CLANG_WARN_INFINITE_RECURSION = YES;
				CLANG_WARN_INT_CONVERSION = YES;
				CLANG_WARN_NON_LITERAL_NULL_CONVERSION = YES;
				CLANG_WARN_OBJC_IMPLICIT_RETAIN_SELF = YES;
				CLANG_WARN_OBJC_LITERAL_CONVERSION = YES;
				CLANG_WARN_OBJC_ROOT_CLASS = YES_ERROR;
				CLANG_WARN_QUOTED_INCLUDE_IN_FRAMEWORK_HEADER = YES;
				CLANG_WARN_RANGE_LOOP_ANALYSIS = YES;
				CLANG_WARN_STRICT_PROTOTYPES = YES;
				CLANG_WARN_SUSPICIOUS_MOVE = YES;
				CLANG_WARN_UNREACHABLE_CODE = YES;
				CLANG_WARN__DUPLICATE_METHOD_MATCH = YES;
				"CODE_SIGN_IDENTITY[sdk=iphoneos*]" = "iPhone Developer";
				COPY_PHASE_STRIP = YES;
				ENABLE_NS_ASSERTIONS = NO;
				ENABLE_STRICT_OBJC_MSGSEND = YES;
				GCC_C_LANGUAGE_STANDARD = gnu99;
				GCC_NO_COMMON_BLOCKS = YES;
				GCC_WARN_64_TO_32_BIT_CONVERSION = YES;
				GCC_WARN_ABOUT_RETURN_TYPE = YES_ERROR;
				GCC_WARN_UNDECLARED_SELECTOR = YES;
				GCC_WARN_UNINITIALIZED_AUTOS = YES_AGGRESSIVE;
				GCC_WARN_UNUSED_FUNCTION = YES;
				GCC_WARN_UNUSED_VARIABLE = YES;
				IPHONEOS_DEPLOYMENT_TARGET = 12.4;
				LD_RUNPATH_SEARCH_PATHS = (
					/usr/lib/swift,
					"$(inherited)",
				);
				LIBRARY_SEARCH_PATHS = (
					"\"$(SDKROOT)/usr/lib/swift\"",
					"\"$(TOOLCHAIN_DIR)/usr/lib/swift/$(PLATFORM_NAME)\"",
					"\"$(inherited)\"",
				);
				MTL_ENABLE_DEBUG_INFO = NO;
				OTHER_CFLAGS = "$(inherited)";
				OTHER_CPLUSPLUSFLAGS = (
					"$(OTHER_CFLAGS)",
					"-DFOLLY_NO_CONFIG",
					"-DFOLLY_MOBILE=1",
					"-DFOLLY_USE_LIBCPP=1",
				);
				REACT_NATIVE_PATH = "${PODS_ROOT}/../../node_modules/react-native";
				SDKROOT = iphoneos;
				VALIDATE_PRODUCT = YES;
			};
			name = Release;
		};
/* End XCBuildConfiguration section */

/* Begin XCConfigurationList section */
		00E357021AD99517003FC87E /* Build configuration list for PBXNativeTarget "NdauWalletTests" */ = {
			isa = XCConfigurationList;
			buildConfigurations = (
				00E356F61AD99517003FC87E /* Debug */,
				00E356F71AD99517003FC87E /* Release */,
			);
			defaultConfigurationIsVisible = 0;
			defaultConfigurationName = Release;
		};
		13B07F931A680F5B00A75B9A /* Build configuration list for PBXNativeTarget "NdauWallet" */ = {
			isa = XCConfigurationList;
			buildConfigurations = (
				13B07F941A680F5B00A75B9A /* Debug */,
				13B07F951A680F5B00A75B9A /* Release */,
			);
			defaultConfigurationIsVisible = 0;
			defaultConfigurationName = Release;
		};
		83CBB9FA1A601CBA00E9B192 /* Build configuration list for PBXProject "NdauWallet" */ = {
			isa = XCConfigurationList;
			buildConfigurations = (
				83CBBA201A601CBA00E9B192 /* Debug */,
				83CBBA211A601CBA00E9B192 /* Release */,
			);
			defaultConfigurationIsVisible = 0;
			defaultConfigurationName = Release;
		};
/* End XCConfigurationList section */
	};
	rootObject = 83CBB9F71A601CBA00E9B192 /* Project object */;
}
